// !$*UTF8*$!
{
	archiveVersion = 1;
	classes = {
	};
	objectVersion = 46;
	objects = {

/* Begin PBXBuildFile section */
		AE70CA9C1EC094F500DF582F /* AppDelegate.swift in Sources */ = {isa = PBXBuildFile; fileRef = AE70CA9B1EC094F500DF582F /* AppDelegate.swift */; };
		AE70CA9E1EC094F500DF582F /* ViewController.swift in Sources */ = {isa = PBXBuildFile; fileRef = AE70CA9D1EC094F500DF582F /* ViewController.swift */; };
		AE70CAA11EC094F500DF582F /* Main.storyboard in Resources */ = {isa = PBXBuildFile; fileRef = AE70CA9F1EC094F500DF582F /* Main.storyboard */; };
		AE70CAA31EC094F500DF582F /* Assets.xcassets in Resources */ = {isa = PBXBuildFile; fileRef = AE70CAA21EC094F500DF582F /* Assets.xcassets */; };
		AE70CAA61EC094F600DF582F /* LaunchScreen.storyboard in Resources */ = {isa = PBXBuildFile; fileRef = AE70CAA41EC094F500DF582F /* LaunchScreen.storyboard */; };
/* End PBXBuildFile section */

/* Begin PBXFileReference section */
		AE70CA981EC094F500DF582F /* SocialModul.app */ = {isa = PBXFileReference; explicitFileType = wrapper.application; includeInIndex = 0; path = SocialModul.app; sourceTree = BUILT_PRODUCTS_DIR; };
		AE70CA9B1EC094F500DF582F /* AppDelegate.swift */ = {isa = PBXFileReference; lastKnownFileType = sourcecode.swift; path = AppDelegate.swift; sourceTree = "<group>"; };
		AE70CA9D1EC094F500DF582F /* ViewController.swift */ = {isa = PBXFileReference; lastKnownFileType = sourcecode.swift; path = ViewController.swift; sourceTree = "<group>"; };
		AE70CAA01EC094F500DF582F /* Base */ = {isa = PBXFileReference; lastKnownFileType = file.storyboard; name = Base; path = Base.lproj/Main.storyboard; sourceTree = "<group>"; };
		AE70CAA21EC094F500DF582F /* Assets.xcassets */ = {isa = PBXFileReference; lastKnownFileType = folder.assetcatalog; path = Assets.xcassets; sourceTree = "<group>"; };
		AE70CAA51EC094F500DF582F /* Base */ = {isa = PBXFileReference; lastKnownFileType = file.storyboard; name = Base; path = Base.lproj/LaunchScreen.storyboard; sourceTree = "<group>"; };
		AE70CAA71EC094F600DF582F /* Info.plist */ = {isa = PBXFileReference; lastKnownFileType = text.plist.xml; path = Info.plist; sourceTree = "<group>"; };
/* End PBXFileReference section */

/* Begin PBXFrameworksBuildPhase section */
		AE70CA951EC094F500DF582F /* Frameworks */ = {
			isa = PBXFrameworksBuildPhase;
			buildActionMask = 2147483647;
			files = (
			);
			runOnlyForDeploymentPostprocessing = 0;
		};
/* End PBXFrameworksBuildPhase section */

/* Begin PBXGroup section */
		AE70CA8F1EC094F500DF582F = {
			isa = PBXGroup;
			children = (
				AE70CA9A1EC094F500DF582F /* SocialModul */,
				AE70CA991EC094F500DF582F /* Products */,
			);
			sourceTree = "<group>";
		};
		AE70CA991EC094F500DF582F /* Products */ = {
			isa = PBXGroup;
			children = (
				AE70CA981EC094F500DF582F /* SocialModul.app */,
			);
			name = Products;
			sourceTree = "<group>";
		};
		AE70CA9A1EC094F500DF582F /* SocialModul */ = {
			isa = PBXGroup;
			children = (
				AE70CA9B1EC094F500DF582F /* AppDelegate.swift */,
				AE70CA9D1EC094F500DF582F /* ViewController.swift */,
				AE70CA9F1EC094F500DF582F /* Main.storyboard */,
				AE70CAA21EC094F500DF582F /* Assets.xcassets */,
				AE70CAA41EC094F500DF582F /* LaunchScreen.storyboard */,
				AE70CAA71EC094F600DF582F /* Info.plist */,
			);
			path = SocialModul;
			sourceTree = "<group>";
		};
/* End PBXGroup section */

/* Begin PBXNativeTarget section */
		AE70CA971EC094F500DF582F /* SocialModul */ = {
			isa = PBXNativeTarget;
			buildConfigurationList = AE70CAAA1EC094F600DF582F /* Build configuration list for PBXNativeTarget "SocialModul" */;
			buildPhases = (
				AE70CA941EC094F500DF582F /* Sources */,
				AE70CA951EC094F500DF582F /* Frameworks */,
				AE70CA961EC094F500DF582F /* Resources */,
			);
			buildRules = (
			);
			dependencies = (
			);
			name = SocialModul;
			productName = SocialModul;
			productReference = AE70CA981EC094F500DF582F /* SocialModul.app */;
			productType = "com.apple.product-type.application";
		};
/* End PBXNativeTarget section */

/* Begin PBXProject section */
		AE70CA901EC094F500DF582F /* Project object */ = {
			isa = PBXProject;
			attributes = {
				LastSwiftUpdateCheck = 0830;
				LastUpgradeCheck = 0830;
				ORGANIZATIONNAME = Gjun;
				TargetAttributes = {
					AE70CA971EC094F500DF582F = {
						CreatedOnToolsVersion = 8.3.2;
						DevelopmentTeam = JE3XA243B8;
						ProvisioningStyle = Automatic;
					};
				};
			};
			buildConfigurationList = AE70CA931EC094F500DF582F /* Build configuration list for PBXProject "SocialModul" */;
			compatibilityVersion = "Xcode 3.2";
			developmentRegion = English;
			hasScannedForEncodings = 0;
			knownRegions = (
				en,
				Base,
			);
			mainGroup = AE70CA8F1EC094F500DF582F;
			productRefGroup = AE70CA991EC094F500DF582F /* Products */;
			projectDirPath = "";
			projectRoot = "";
			targets = (
				AE70CA971EC094F500DF582F /* SocialModul */,
			);
		};
/* End PBXProject section */

/* Begin PBXResourcesBuildPhase section */
		AE70CA961EC094F500DF582F /* Resources */ = {
			isa = PBXResourcesBuildPhase;
			buildActionMask = 2147483647;
			files = (
				AE70CAA61EC094F600DF582F /* LaunchScreen.storyboard in Resources */,
				AE70CAA31EC094F500DF582F /* Assets.xcassets in Resources */,
				AE70CAA11EC094F500DF582F /* Main.storyboard in Resources */,
			);
			runOnlyForDeploymentPostprocessing = 0;
		};
/* End PBXResourcesBuildPhase section */

/* Begin PBXSourcesBuildPhase section */
		AE70CA941EC094F500DF582F /* Sources */ = {
			isa = PBXSourcesBuildPhase;
			buildActionMask = 2147483647;
			files = (
				AE70CA9E1EC094F500DF582F /* ViewController.swift in Sources */,
				AE70CA9C1EC094F500DF582F /* AppDelegate.swift in Sources */,
			);
			runOnlyForDeploymentPostprocessing = 0;
		};
/* End PBXSourcesBuildPhase section */

/* Begin PBXVariantGroup section */
		AE70CA9F1EC094F500DF582F /* Main.storyboard */ = {
			isa = PBXVariantGroup;
			children = (
				AE70CAA01EC094F500DF582F /* Base */,
			);
			name = Main.storyboard;
			sourceTree = "<group>";
		};
		AE70CAA41EC094F500DF582F /* LaunchScreen.storyboard */ = {
			isa = PBXVariantGroup;
			children = (
				AE70CAA51EC094F500DF582F /* Base */,
			);
			name = LaunchScreen.storyboard;
			sourceTree = "<group>";
		};
/* End PBXVariantGroup section */

/* Begin XCBuildConfiguration section */
		AE70CAA81EC094F600DF582F /* Debug */ = {
			isa = XCBuildConfiguration;
			buildSettings = {
				ALWAYS_SEARCH_USER_PATHS = NO;
				CLANG_ANALYZER_NONNULL = YES;
				CLANG_ANALYZER_NUMBER_OBJECT_CONVERSION = YES_AGGRESSIVE;
				CLANG_CXX_LANGUAGE_STANDARD = "gnu++0x";
				CLANG_CXX_LIBRARY = "libc++";
				CLANG_ENABLE_MODULES = YES;
				CLANG_ENABLE_OBJC_ARC = YES;
				CLANG_WARN_BOOL_CONVERSION = YES;
				CLANG_WARN_CONSTANT_CONVERSION = YES;
				CLANG_WARN_DIRECT_OBJC_ISA_USAGE = YES_ERROR;
				CLANG_WARN_DOCUMENTATION_COMMENTS = YES;
				CLANG_WARN_EMPTY_BODY = YES;
				CLANG_WARN_ENUM_CONVERSION = YES;
				CLANG_WARN_INFINITE_RECURSION = YES;
				CLANG_WARN_INT_CONVERSION = YES;
				CLANG_WARN_OBJC_ROOT_CLASS = YES_ERROR;
				CLANG_WARN_SUSPICIOUS_MOVE = YES;
				CLANG_WARN_UNREACHABLE_CODE = YES;
				CLANG_WARN__DUPLICATE_METHOD_MATCH = YES;
				"CODE_SIGN_IDENTITY[sdk=iphoneos*]" = "iPhone Developer";
				COPY_PHASE_STRIP = NO;
				DEBUG_INFORMATION_FORMAT = dwarf;
				ENABLE_STRICT_OBJC_MSGSEND = YES;
				ENABLE_TESTABILITY = YES;
				GCC_C_LANGUAGE_STANDARD = gnu99;
				GCC_DYNAMIC_NO_PIC = NO;
				GCC_NO_COMMON_BLOCKS = YES;
				GCC_OPTIMIZATION_LEVEL = 0;
				GCC_PREPROCESSOR_DEFINITIONS = (
					"DEBUG=1",
					"$(inherited)",
				);
				GCC_WARN_64_TO_32_BIT_CONVERSION = YES;
				GCC_WARN_ABOUT_RETURN_TYPE = YES_ERROR;
				GCC_WARN_UNDECLARED_SELECTOR = YES;
				GCC_WARN_UNINITIALIZED_AUTOS = YES_AGGRESSIVE;
				GCC_WARN_UNUSED_FUNCTION = YES;
				GCC_WARN_UNUSED_VARIABLE = YES;
				IPHONEOS_DEPLOYMENT_TARGET = 10.3;
				MTL_ENABLE_DEBUG_INFO = YES;
				ONLY_ACTIVE_ARCH = YES;
				SDKROOT = iphoneos;
				SWIFT_ACTIVE_COMPILATION_CONDITIONS = DEBUG;
				SWIFT_OPTIMIZATION_LEVEL = "-Onone";
				TARGETED_DEVICE_FAMILY = "1,2";
			};
			name = Debug;
		};
		AE70CAA91EC094F600DF582F /* Release */ = {
			isa = XCBuildConfiguration;
			buildSettings = {
				ALWAYS_SEARCH_USER_PATHS = NO;
				CLANG_ANALYZER_NONNULL = YES;
				CLANG_ANALYZER_NUMBER_OBJECT_CONVERSION = YES_AGGRESSIVE;
				CLANG_CXX_LANGUAGE_STANDARD = "gnu++0x";
				CLANG_CXX_LIBRARY = "libc++";
				CLANG_ENABLE_MODULES = YES;
				CLANG_ENABLE_OBJC_ARC = YES;
				CLANG_WARN_BOOL_CONVERSION = YES;
				CLANG_WARN_CONSTANT_CONVERSION = YES;
				CLANG_WARN_DIRECT_OBJC_ISA_USAGE = YES_ERROR;
				CLANG_WARN_DOCUMENTATION_COMMENTS = YES;
				CLANG_WARN_EMPTY_BODY = YES;
				CLANG_WARN_ENUM_CONVERSION = YES;
				CLANG_WARN_INFINITE_RECURSION = YES;
				CLANG_WARN_INT_CONVERSION = YES;
				CLANG_WARN_OBJC_ROOT_CLASS = YES_ERROR;
				CLANG_WARN_SUSPICIOUS_MOVE = YES;
				CLANG_WARN_UNREACHABLE_CODE = YES;
				CLANG_WARN__DUPLICATE_METHOD_MATCH = YES;
				"CODE_SIGN_IDENTITY[sdk=iphoneos*]" = "iPhone Developer";
				COPY_PHASE_STRIP = NO;
				DEBUG_INFORMATION_FORMAT = "dwarf-with-dsym";
				ENABLE_NS_ASSERTIONS = NO;
				ENABLE_STRICT_OBJC_MSGSEND = YES;
				GCC_C_LANGUAGE_STANDARD = gnu99;
				GCC_NO_COMMON_BLOCKS = YES;
				GCC_WARN_64_TO_32_BIT_CONVERSION = YES;
				GCC_WARN_ABOUT_RETURN_TYPE = YES_ERROR;
				GCC_WARN_UNDECLARED_SELECTOR = YES;
				GCC_WARN_UNINITIALIZED_AUTOS = YES_AGGRESSIVE;
				GCC_WARN_UNUSED_FUNCTION = YES;
				GCC_WARN_UNUSED_VARIABLE = YES;
				IPHONEOS_DEPLOYMENT_TARGET = 10.3;
				MTL_ENABLE_DEBUG_INFO = NO;
				SDKROOT = iphoneos;
				SWIFT_OPTIMIZATION_LEVEL = "-Owholemodule";
				TARGETED_DEVICE_FAMILY = "1,2";
				VALIDATE_PRODUCT = YES;
			};
			name = Release;
		};
		AE70CAAB1EC094F600DF582F /* Debug */ = {
			isa = XCBuildConfiguration;
			buildSettings = {
				ASSETCATALOG_COMPILER_APPICON_NAME = AppIcon;
				DEVELOPMENT_TEAM = JE3XA243B8;
				INFOPLIST_FILE = SocialModul/Info.plist;
				IPHONEOS_DEPLOYMENT_TARGET = 10.0;
				LD_RUNPATH_SEARCH_PATHS = "$(inherited) @executable_path/Frameworks";
				PRODUCT_BUNDLE_IDENTIFIER = MasB1ue.SocialModul;
				PRODUCT_NAME = "$(TARGET_NAME)";
				SWIFT_VERSION = 3.0;
			};
			name = Debug;
		};
		AE70CAAC1EC094F600DF582F /* Release */ = {
			isa = XCBuildConfiguration;
			buildSettings = {
				ASSETCATALOG_COMPILER_APPICON_NAME = AppIcon;
				DEVELOPMENT_TEAM = JE3XA243B8;
				INFOPLIST_FILE = SocialModul/Info.plist;
				IPHONEOS_DEPLOYMENT_TARGET = 10.0;
				LD_RUNPATH_SEARCH_PATHS = "$(inherited) @executable_path/Frameworks";
				PRODUCT_BUNDLE_IDENTIFIER = MasB1ue.SocialModul;
				PRODUCT_NAME = "$(TARGET_NAME)";
				SWIFT_VERSION = 3.0;
			};
			name = Release;
		};
/* End XCBuildConfiguration section */

/* Begin XCConfigurationList section */
		AE70CA931EC094F500DF582F /* Build configuration list for PBXProject "SocialModul" */ = {
			isa = XCConfigurationList;
			buildConfigurations = (
				AE70CAA81EC094F600DF582F /* Debug */,
				AE70CAA91EC094F600DF582F /* Release */,
			);
			defaultConfigurationIsVisible = 0;
			defaultConfigurationName = Release;
		};
		AE70CAAA1EC094F600DF582F /* Build configuration list for PBXNativeTarget "SocialModul" */ = {
			isa = XCConfigurationList;
			buildConfigurations = (
				AE70CAAB1EC094F600DF582F /* Debug */,
				AE70CAAC1EC094F600DF582F /* Release */,
			);
			defaultConfigurationIsVisible = 0;
			defaultConfigurationName = Release;
		};
/* End XCConfigurationList section */
	};
	rootObject = AE70CA901EC094F500DF582F /* Project object */;
}
